{
  "name": "dondlingergc.com",
  "version": "1.0.0",
  "lockfileVersion": 3,
  "requires": true,
  "packages": {
    "": {
      "name": "dondlingergc.com",
      "version": "1.0.0",
      "license": "ISC",
      "dependencies": {
        "@pushforge/builder": "^2.0.5"
      }
    },
    "node_modules/@pushforge/builder": {
      "version": "2.0.5",
      "resolved": "https://registry.npmjs.org/@pushforge/builder/-/builder-2.0.5.tgz",
      "integrity": "sha512-9Q6lBFWUMKUL5vBknwAt+nlS7eWCrNuf1lCMAhC1Iypn8gtYJ0rdVHAnsGFMxPKhbtgkgpU3r6UVduDTQ8jgzw==",
      "license": "MIT",
      "bin": {
        "pushforge": "dist/lib/commandLine/keys.js"
      },
      "engines": {
        "node": ">=20.0.0"
      }
    }
  }
}
